
Microsoft Visual Studio Solution File, Format Version 12.00
# Visual Studio Version 16
VisualStudioVersion = 16.0.29209.62
MinimumVisualStudioVersion = 10.0.40219.1
Project("{FAE04EC0-301F-11D3-BF4B-00C04F79EFBC}") = "ConsoleApp4", "ConsoleApp4.csproj", "{C3B06662-B928-4ACB-8AE5-E3EE545DC74D}"
EndProject
Global
	GlobalSection(SolutionConfigurationPlatforms) = preSolution
		Debug|Any CPU = Debug|Any CPU
		Release|Any CPU = Release|Any CPU
	EndGlobalSection
	GlobalSection(ProjectConfigurationPlatforms) = postSolution
		{C3B06662-B928-4ACB-8AE5-E3EE545DC74D}.Debug|Any CPU.ActiveCfg = Debug|Any CPU
		{C3B06662-B928-4ACB-8AE5-E3EE545DC74D}.Debug|Any CPU.Build.0 = Debug|Any CPU
		{C3B06662-B928-4ACB-8AE5-E3EE545DC74D}.Release|Any CPU.ActiveCfg = Release|Any CPU
		{C3B06662-B928-4ACB-8AE5-E3EE545DC74D}.Release|Any CPU.Build.0 = Release|Any CPU
	EndGlobalSection
	GlobalSection(SolutionProperties) = preSolution
		HideSolutionNode = FALSE
	EndGlobalSection
	GlobalSection(ExtensibilityGlobals) = postSolution
		SolutionGuid = {BAB8D2EC-502D-4779-8EE2-66A70A442215}
	EndGlobalSection
EndGlobal
